// !$*UTF8*$!
{
	archiveVersion = 1;
	classes = {
	};
	objectVersion = 51;
	objects = {

/* Begin PBXBuildFile section */
		1E2A814322CCD64200B68888 /* SubThemeViewController.swift in Sources */ = {isa = PBXBuildFile; fileRef = 1E2A814222CCD64200B68888 /* SubThemeViewController.swift */; };
		1E2A814522CCDC9200B68888 /* SubThemeViewCell.swift in Sources */ = {isa = PBXBuildFile; fileRef = 1E2A814422CCDC9200B68888 /* SubThemeViewCell.swift */; };
		1E79A1D922CB9E9600721B15 /* AppDelegate.swift in Sources */ = {isa = PBXBuildFile; fileRef = 1E79A1D822CB9E9600721B15 /* AppDelegate.swift */; };
		1E79A1DB22CB9E9600721B15 /* ViewController.swift in Sources */ = {isa = PBXBuildFile; fileRef = 1E79A1DA22CB9E9600721B15 /* ViewController.swift */; };
		1E79A1DE22CB9E9600721B15 /* Main.storyboard in Resources */ = {isa = PBXBuildFile; fileRef = 1E79A1DC22CB9E9600721B15 /* Main.storyboard */; };
		1E79A1E022CB9E9900721B15 /* Assets.xcassets in Resources */ = {isa = PBXBuildFile; fileRef = 1E79A1DF22CB9E9900721B15 /* Assets.xcassets */; };
		1E79A1E322CB9E9900721B15 /* LaunchScreen.storyboard in Resources */ = {isa = PBXBuildFile; fileRef = 1E79A1E122CB9E9900721B15 /* LaunchScreen.storyboard */; };
		1ECBA27D22CE7B2B00EBFE42 /* MaterialTableViewCell.swift in Sources */ = {isa = PBXBuildFile; fileRef = 1ECBA27C22CE7B2B00EBFE42 /* MaterialTableViewCell.swift */; };
		1ECC9E0722CCBDE300AA57C5 /* ThemeViewCell.swift in Sources */ = {isa = PBXBuildFile; fileRef = 1ECC9E0622CCBDE300AA57C5 /* ThemeViewCell.swift */; };
		1EF3B61122CE29750047F07C /* PageViewController.swift in Sources */ = {isa = PBXBuildFile; fileRef = 1EF3B61022CE29750047F07C /* PageViewController.swift */; };
		2C10AEFE22CF38BA0074D026 /* ProgressViewController.swift in Sources */ = {isa = PBXBuildFile; fileRef = 2C10AEFD22CF38BA0074D026 /* ProgressViewController.swift */; };
		453772A47272229876C67D6B /* Pods_Win_ICPC.framework in Frameworks */ = {isa = PBXBuildFile; fileRef = E91ADCA9F79904A86BEDBDEB /* Pods_Win_ICPC.framework */; };
		547F2B2589E079BB6A10A9F2 /* Pods_Win_ICPCUITests.framework in Frameworks */ = {isa = PBXBuildFile; fileRef = E78BBA29AB08E3219F02B347 /* Pods_Win_ICPCUITests.framework */; };
		E351B4EBF4D9610D55657179 /* Pods_Win_ICPCTests.framework in Frameworks */ = {isa = PBXBuildFile; fileRef = 074B33FDE1D38D67BE23C74A /* Pods_Win_ICPCTests.framework */; };
/* End PBXBuildFile section */

/* Begin PBXContainerItemProxy section */
		1E79A1EA22CB9E9900721B15 /* PBXContainerItemProxy */ = {
			isa = PBXContainerItemProxy;
			containerPortal = 1E79A1CD22CB9E9600721B15 /* Project object */;
			proxyType = 1;
			remoteGlobalIDString = 1E79A1D422CB9E9600721B15;
			remoteInfo = "Win ICPC";
		};
		1E79A1F522CB9E9900721B15 /* PBXContainerItemProxy */ = {
			isa = PBXContainerItemProxy;
			containerPortal = 1E79A1CD22CB9E9600721B15 /* Project object */;
			proxyType = 1;
			remoteGlobalIDString = 1E79A1D422CB9E9600721B15;
			remoteInfo = "Win ICPC";
		};
/* End PBXContainerItemProxy section */

/* Begin PBXFileReference section */
		074B33FDE1D38D67BE23C74A /* Pods_Win_ICPCTests.framework */ = {isa = PBXFileReference; explicitFileType = wrapper.framework; includeInIndex = 0; path = Pods_Win_ICPCTests.framework; sourceTree = BUILT_PRODUCTS_DIR; };
		1E2A814222CCD64200B68888 /* SubThemeViewController.swift */ = {isa = PBXFileReference; lastKnownFileType = sourcecode.swift; path = SubThemeViewController.swift; sourceTree = "<group>"; };
		1E2A814422CCDC9200B68888 /* SubThemeViewCell.swift */ = {isa = PBXFileReference; lastKnownFileType = sourcecode.swift; path = SubThemeViewCell.swift; sourceTree = "<group>"; };
		1E79A1D522CB9E9600721B15 /* Win ICPC.app */ = {isa = PBXFileReference; explicitFileType = wrapper.application; includeInIndex = 0; path = "Win ICPC.app"; sourceTree = BUILT_PRODUCTS_DIR; };
		1E79A1D822CB9E9600721B15 /* AppDelegate.swift */ = {isa = PBXFileReference; lastKnownFileType = sourcecode.swift; path = AppDelegate.swift; sourceTree = "<group>"; };
		1E79A1DA22CB9E9600721B15 /* ViewController.swift */ = {isa = PBXFileReference; lastKnownFileType = sourcecode.swift; path = ViewController.swift; sourceTree = "<group>"; };
		1E79A1DD22CB9E9600721B15 /* Base */ = {isa = PBXFileReference; lastKnownFileType = file.storyboard; name = Base; path = Base.lproj/Main.storyboard; sourceTree = "<group>"; };
		1E79A1DF22CB9E9900721B15 /* Assets.xcassets */ = {isa = PBXFileReference; lastKnownFileType = folder.assetcatalog; path = Assets.xcassets; sourceTree = "<group>"; };
		1E79A1E222CB9E9900721B15 /* Base */ = {isa = PBXFileReference; lastKnownFileType = file.storyboard; name = Base; path = Base.lproj/LaunchScreen.storyboard; sourceTree = "<group>"; };
		1E79A1E422CB9E9900721B15 /* Info.plist */ = {isa = PBXFileReference; lastKnownFileType = text.plist.xml; path = Info.plist; sourceTree = "<group>"; };
		1E79A1E922CB9E9900721B15 /* Win ICPCTests.xctest */ = {isa = PBXFileReference; explicitFileType = wrapper.cfbundle; includeInIndex = 0; path = "Win ICPCTests.xctest"; sourceTree = BUILT_PRODUCTS_DIR; };
		1E79A1F422CB9E9900721B15 /* Win ICPCUITests.xctest */ = {isa = PBXFileReference; explicitFileType = wrapper.cfbundle; includeInIndex = 0; path = "Win ICPCUITests.xctest"; sourceTree = BUILT_PRODUCTS_DIR; };
		1ECBA27C22CE7B2B00EBFE42 /* MaterialTableViewCell.swift */ = {isa = PBXFileReference; lastKnownFileType = sourcecode.swift; path = MaterialTableViewCell.swift; sourceTree = "<group>"; };
		1ECC9E0622CCBDE300AA57C5 /* ThemeViewCell.swift */ = {isa = PBXFileReference; lastKnownFileType = sourcecode.swift; path = ThemeViewCell.swift; sourceTree = "<group>"; };
		1EF3B61022CE29750047F07C /* PageViewController.swift */ = {isa = PBXFileReference; lastKnownFileType = sourcecode.swift; path = PageViewController.swift; sourceTree = "<group>"; };
		2C10AEFD22CF38BA0074D026 /* ProgressViewController.swift */ = {isa = PBXFileReference; lastKnownFileType = sourcecode.swift; path = ProgressViewController.swift; sourceTree = "<group>"; };
		2EC47AD09A6B872558130701 /* Pods-Win ICPCUITests.debug.xcconfig */ = {isa = PBXFileReference; includeInIndex = 1; lastKnownFileType = text.xcconfig; name = "Pods-Win ICPCUITests.debug.xcconfig"; path = "Target Support Files/Pods-Win ICPCUITests/Pods-Win ICPCUITests.debug.xcconfig"; sourceTree = "<group>"; };
		31223E001C86A9A5140F64A4 /* Pods-Win ICPC.release.xcconfig */ = {isa = PBXFileReference; includeInIndex = 1; lastKnownFileType = text.xcconfig; name = "Pods-Win ICPC.release.xcconfig"; path = "Target Support Files/Pods-Win ICPC/Pods-Win ICPC.release.xcconfig"; sourceTree = "<group>"; };
		611AA020D3FACE81333E6F03 /* Pods-Win ICPCTests.debug.xcconfig */ = {isa = PBXFileReference; includeInIndex = 1; lastKnownFileType = text.xcconfig; name = "Pods-Win ICPCTests.debug.xcconfig"; path = "Target Support Files/Pods-Win ICPCTests/Pods-Win ICPCTests.debug.xcconfig"; sourceTree = "<group>"; };
		6FEE4FFE71506E08A844B965 /* Pods-Win ICPC.debug.xcconfig */ = {isa = PBXFileReference; includeInIndex = 1; lastKnownFileType = text.xcconfig; name = "Pods-Win ICPC.debug.xcconfig"; path = "Target Support Files/Pods-Win ICPC/Pods-Win ICPC.debug.xcconfig"; sourceTree = "<group>"; };
		E0DFA5E2DC30906122ED4FDB /* Pods-Win ICPCTests.release.xcconfig */ = {isa = PBXFileReference; includeInIndex = 1; lastKnownFileType = text.xcconfig; name = "Pods-Win ICPCTests.release.xcconfig"; path = "Target Support Files/Pods-Win ICPCTests/Pods-Win ICPCTests.release.xcconfig"; sourceTree = "<group>"; };
		E10E17DB6A1D081C0BD0E77A /* Pods-Win ICPCUITests.release.xcconfig */ = {isa = PBXFileReference; includeInIndex = 1; lastKnownFileType = text.xcconfig; name = "Pods-Win ICPCUITests.release.xcconfig"; path = "Target Support Files/Pods-Win ICPCUITests/Pods-Win ICPCUITests.release.xcconfig"; sourceTree = "<group>"; };
		E78BBA29AB08E3219F02B347 /* Pods_Win_ICPCUITests.framework */ = {isa = PBXFileReference; explicitFileType = wrapper.framework; includeInIndex = 0; path = Pods_Win_ICPCUITests.framework; sourceTree = BUILT_PRODUCTS_DIR; };
		E91ADCA9F79904A86BEDBDEB /* Pods_Win_ICPC.framework */ = {isa = PBXFileReference; explicitFileType = wrapper.framework; includeInIndex = 0; path = Pods_Win_ICPC.framework; sourceTree = BUILT_PRODUCTS_DIR; };
/* End PBXFileReference section */

/* Begin PBXFrameworksBuildPhase section */
		1E79A1D222CB9E9600721B15 /* Frameworks */ = {
			isa = PBXFrameworksBuildPhase;
			buildActionMask = 2147483647;
			files = (
				453772A47272229876C67D6B /* Pods_Win_ICPC.framework in Frameworks */,
			);
			runOnlyForDeploymentPostprocessing = 0;
		};
		1E79A1E622CB9E9900721B15 /* Frameworks */ = {
			isa = PBXFrameworksBuildPhase;
			buildActionMask = 2147483647;
			files = (
				E351B4EBF4D9610D55657179 /* Pods_Win_ICPCTests.framework in Frameworks */,
			);
			runOnlyForDeploymentPostprocessing = 0;
		};
		1E79A1F122CB9E9900721B15 /* Frameworks */ = {
			isa = PBXFrameworksBuildPhase;
			buildActionMask = 2147483647;
			files = (
				547F2B2589E079BB6A10A9F2 /* Pods_Win_ICPCUITests.framework in Frameworks */,
			);
			runOnlyForDeploymentPostprocessing = 0;
		};
/* End PBXFrameworksBuildPhase section */

/* Begin PBXGroup section */
		1E79A1CC22CB9E9600721B15 = {
			isa = PBXGroup;
			children = (
				1E79A1D722CB9E9600721B15 /* Win ICPC */,
				1E79A1D622CB9E9600721B15 /* Products */,
				CEC3E4B98128EEA499BE0553 /* Pods */,
				FF6E406793A25F85C6FDEF70 /* Frameworks */,
			);
			sourceTree = "<group>";
		};
		1E79A1D622CB9E9600721B15 /* Products */ = {
			isa = PBXGroup;
			children = (
				1E79A1D522CB9E9600721B15 /* Win ICPC.app */,
				1E79A1E922CB9E9900721B15 /* Win ICPCTests.xctest */,
				1E79A1F422CB9E9900721B15 /* Win ICPCUITests.xctest */,
			);
			name = Products;
			sourceTree = "<group>";
		};
		1E79A1D722CB9E9600721B15 /* Win ICPC */ = {
			isa = PBXGroup;
			children = (
				1ECC9E0622CCBDE300AA57C5 /* ThemeViewCell.swift */,
				1E79A1DA22CB9E9600721B15 /* ViewController.swift */,
				1E79A1D822CB9E9600721B15 /* AppDelegate.swift */,
				1E2A814422CCDC9200B68888 /* SubThemeViewCell.swift */,
				1E79A1DC22CB9E9600721B15 /* Main.storyboard */,
				2C10AEFD22CF38BA0074D026 /* ProgressViewController.swift */,
				1ECBA27C22CE7B2B00EBFE42 /* MaterialTableViewCell.swift */,
				1EF3B61022CE29750047F07C /* PageViewController.swift */,
				1E79A1DF22CB9E9900721B15 /* Assets.xcassets */,
				1E79A1E122CB9E9900721B15 /* LaunchScreen.storyboard */,
				1E79A1E422CB9E9900721B15 /* Info.plist */,
				1E2A814222CCD64200B68888 /* SubThemeViewController.swift */,
			);
			path = "Win ICPC";
			sourceTree = "<group>";
		};
		CEC3E4B98128EEA499BE0553 /* Pods */ = {
			isa = PBXGroup;
			children = (
				6FEE4FFE71506E08A844B965 /* Pods-Win ICPC.debug.xcconfig */,
				31223E001C86A9A5140F64A4 /* Pods-Win ICPC.release.xcconfig */,
				611AA020D3FACE81333E6F03 /* Pods-Win ICPCTests.debug.xcconfig */,
				E0DFA5E2DC30906122ED4FDB /* Pods-Win ICPCTests.release.xcconfig */,
				2EC47AD09A6B872558130701 /* Pods-Win ICPCUITests.debug.xcconfig */,
				E10E17DB6A1D081C0BD0E77A /* Pods-Win ICPCUITests.release.xcconfig */,
			);
			path = Pods;
			sourceTree = "<group>";
		};
		FF6E406793A25F85C6FDEF70 /* Frameworks */ = {
			isa = PBXGroup;
			children = (
				E91ADCA9F79904A86BEDBDEB /* Pods_Win_ICPC.framework */,
				074B33FDE1D38D67BE23C74A /* Pods_Win_ICPCTests.framework */,
				E78BBA29AB08E3219F02B347 /* Pods_Win_ICPCUITests.framework */,
			);
			name = Frameworks;
			sourceTree = "<group>";
		};
/* End PBXGroup section */

/* Begin PBXNativeTarget section */
		1E79A1D422CB9E9600721B15 /* Win ICPC */ = {
			isa = PBXNativeTarget;
			buildConfigurationList = 1E79A1FD22CB9E9900721B15 /* Build configuration list for PBXNativeTarget "Win ICPC" */;
			buildPhases = (
				045E359D978CAC6C0C475B11 /* [CP] Check Pods Manifest.lock */,
				1E79A1D122CB9E9600721B15 /* Sources */,
				1E79A1D222CB9E9600721B15 /* Frameworks */,
				1E79A1D322CB9E9600721B15 /* Resources */,
				0755912BF299EE54BA126059 /* [CP] Embed Pods Frameworks */,
			);
			buildRules = (
			);
			dependencies = (
			);
			name = "Win ICPC";
			productName = "Win ICPC";
			productReference = 1E79A1D522CB9E9600721B15 /* Win ICPC.app */;
			productType = "com.apple.product-type.application";
		};
		1E79A1E822CB9E9900721B15 /* Win ICPCTests */ = {
			isa = PBXNativeTarget;
			buildConfigurationList = 1E79A20022CB9E9900721B15 /* Build configuration list for PBXNativeTarget "Win ICPCTests" */;
			buildPhases = (
				CA7C5E7D5452AF4BA1CD9DEC /* [CP] Check Pods Manifest.lock */,
				1E79A1E522CB9E9900721B15 /* Sources */,
				1E79A1E622CB9E9900721B15 /* Frameworks */,
				1E79A1E722CB9E9900721B15 /* Resources */,
			);
			buildRules = (
			);
			dependencies = (
				1E79A1EB22CB9E9900721B15 /* PBXTargetDependency */,
			);
			name = "Win ICPCTests";
			productName = "Win ICPCTests";
			productReference = 1E79A1E922CB9E9900721B15 /* Win ICPCTests.xctest */;
			productType = "com.apple.product-type.bundle.unit-test";
		};
		1E79A1F322CB9E9900721B15 /* Win ICPCUITests */ = {
			isa = PBXNativeTarget;
			buildConfigurationList = 1E79A20322CB9E9900721B15 /* Build configuration list for PBXNativeTarget "Win ICPCUITests" */;
			buildPhases = (
				54E299037903F2E026966AE4 /* [CP] Check Pods Manifest.lock */,
				1E79A1F022CB9E9900721B15 /* Sources */,
				1E79A1F122CB9E9900721B15 /* Frameworks */,
				1E79A1F222CB9E9900721B15 /* Resources */,
			);
			buildRules = (
			);
			dependencies = (
				1E79A1F622CB9E9900721B15 /* PBXTargetDependency */,
			);
			name = "Win ICPCUITests";
			productName = "Win ICPCUITests";
			productReference = 1E79A1F422CB9E9900721B15 /* Win ICPCUITests.xctest */;
			productType = "com.apple.product-type.bundle.ui-testing";
		};
/* End PBXNativeTarget section */

/* Begin PBXProject section */
		1E79A1CD22CB9E9600721B15 /* Project object */ = {
			isa = PBXProject;
			attributes = {
				LastSwiftUpdateCheck = 1010;
				LastUpgradeCheck = 1010;
				ORGANIZATIONNAME = "Даниил Палеев";
				TargetAttributes = {
					1E79A1D422CB9E9600721B15 = {
						CreatedOnToolsVersion = 10.1;
					};
					1E79A1E822CB9E9900721B15 = {
						CreatedOnToolsVersion = 10.1;
						TestTargetID = 1E79A1D422CB9E9600721B15;
					};
					1E79A1F322CB9E9900721B15 = {
						CreatedOnToolsVersion = 10.1;
						TestTargetID = 1E79A1D422CB9E9600721B15;
					};
				};
			};
			buildConfigurationList = 1E79A1D022CB9E9600721B15 /* Build configuration list for PBXProject "Win ICPC" */;
			compatibilityVersion = "Xcode 9.3";
			developmentRegion = en;
			hasScannedForEncodings = 0;
			knownRegions = (
				en,
				Base,
			);
			mainGroup = 1E79A1CC22CB9E9600721B15;
			productRefGroup = 1E79A1D622CB9E9600721B15 /* Products */;
			projectDirPath = "";
			projectRoot = "";
			targets = (
				1E79A1D422CB9E9600721B15 /* Win ICPC */,
				1E79A1E822CB9E9900721B15 /* Win ICPCTests */,
				1E79A1F322CB9E9900721B15 /* Win ICPCUITests */,
			);
		};
/* End PBXProject section */

/* Begin PBXResourcesBuildPhase section */
		1E79A1D322CB9E9600721B15 /* Resources */ = {
			isa = PBXResourcesBuildPhase;
			buildActionMask = 2147483647;
			files = (
				1E79A1E322CB9E9900721B15 /* LaunchScreen.storyboard in Resources */,
				1E79A1E022CB9E9900721B15 /* Assets.xcassets in Resources */,
				1E79A1DE22CB9E9600721B15 /* Main.storyboard in Resources */,
			);
			runOnlyForDeploymentPostprocessing = 0;
		};
		1E79A1E722CB9E9900721B15 /* Resources */ = {
			isa = PBXResourcesBuildPhase;
			buildActionMask = 2147483647;
			files = (
			);
			runOnlyForDeploymentPostprocessing = 0;
		};
		1E79A1F222CB9E9900721B15 /* Resources */ = {
			isa = PBXResourcesBuildPhase;
			buildActionMask = 2147483647;
			files = (
			);
			runOnlyForDeploymentPostprocessing = 0;
		};
/* End PBXResourcesBuildPhase section */

/* Begin PBXShellScriptBuildPhase section */
		045E359D978CAC6C0C475B11 /* [CP] Check Pods Manifest.lock */ = {
			isa = PBXShellScriptBuildPhase;
			buildActionMask = 2147483647;
			files = (
			);
			inputFileListPaths = (
			);
			inputPaths = (
				"${PODS_PODFILE_DIR_PATH}/Podfile.lock",
				"${PODS_ROOT}/Manifest.lock",
			);
			name = "[CP] Check Pods Manifest.lock";
			outputFileListPaths = (
			);
			outputPaths = (
				"$(DERIVED_FILE_DIR)/Pods-Win ICPC-checkManifestLockResult.txt",
			);
			runOnlyForDeploymentPostprocessing = 0;
			shellPath = /bin/sh;
			shellScript = "diff \"${PODS_PODFILE_DIR_PATH}/Podfile.lock\" \"${PODS_ROOT}/Manifest.lock\" > /dev/null\nif [ $? != 0 ] ; then\n    # print error to STDERR\n    echo \"error: The sandbox is not in sync with the Podfile.lock. Run 'pod install' or update your CocoaPods installation.\" >&2\n    exit 1\nfi\n# This output is used by Xcode 'outputs' to avoid re-running this script phase.\necho \"SUCCESS\" > \"${SCRIPT_OUTPUT_FILE_0}\"\n";
			showEnvVarsInLog = 0;
		};
		0755912BF299EE54BA126059 /* [CP] Embed Pods Frameworks */ = {
			isa = PBXShellScriptBuildPhase;
			buildActionMask = 2147483647;
			files = (
			);
			inputFileListPaths = (
				"${PODS_ROOT}/Target Support Files/Pods-Win ICPC/Pods-Win ICPC-frameworks-${CONFIGURATION}-input-files.xcfilelist",
			);
			name = "[CP] Embed Pods Frameworks";
			outputFileListPaths = (
				"${PODS_ROOT}/Target Support Files/Pods-Win ICPC/Pods-Win ICPC-frameworks-${CONFIGURATION}-output-files.xcfilelist",
			);
			runOnlyForDeploymentPostprocessing = 0;
			shellPath = /bin/sh;
			shellScript = "\"${PODS_ROOT}/Target Support Files/Pods-Win ICPC/Pods-Win ICPC-frameworks.sh\"\n";
			showEnvVarsInLog = 0;
		};
		54E299037903F2E026966AE4 /* [CP] Check Pods Manifest.lock */ = {
			isa = PBXShellScriptBuildPhase;
			buildActionMask = 2147483647;
			files = (
			);
			inputFileListPaths = (
			);
			inputPaths = (
				"${PODS_PODFILE_DIR_PATH}/Podfile.lock",
				"${PODS_ROOT}/Manifest.lock",
			);
			name = "[CP] Check Pods Manifest.lock";
			outputFileListPaths = (
			);
			outputPaths = (
				"$(DERIVED_FILE_DIR)/Pods-Win ICPCUITests-checkManifestLockResult.txt",
			);
			runOnlyForDeploymentPostprocessing = 0;
			shellPath = /bin/sh;
			shellScript = "diff \"${PODS_PODFILE_DIR_PATH}/Podfile.lock\" \"${PODS_ROOT}/Manifest.lock\" > /dev/null\nif [ $? != 0 ] ; then\n    # print error to STDERR\n    echo \"error: The sandbox is not in sync with the Podfile.lock. Run 'pod install' or update your CocoaPods installation.\" >&2\n    exit 1\nfi\n# This output is used by Xcode 'outputs' to avoid re-running this script phase.\necho \"SUCCESS\" > \"${SCRIPT_OUTPUT_FILE_0}\"\n";
			showEnvVarsInLog = 0;
		};
		CA7C5E7D5452AF4BA1CD9DEC /* [CP] Check Pods Manifest.lock */ = {
			isa = PBXShellScriptBuildPhase;
			buildActionMask = 2147483647;
			files = (
			);
			inputFileListPaths = (
			);
			inputPaths = (
				"${PODS_PODFILE_DIR_PATH}/Podfile.lock",
				"${PODS_ROOT}/Manifest.lock",
			);
			name = "[CP] Check Pods Manifest.lock";
			outputFileListPaths = (
			);
			outputPaths = (
				"$(DERIVED_FILE_DIR)/Pods-Win ICPCTests-checkManifestLockResult.txt",
			);
			runOnlyForDeploymentPostprocessing = 0;
			shellPath = /bin/sh;
			shellScript = "diff \"${PODS_PODFILE_DIR_PATH}/Podfile.lock\" \"${PODS_ROOT}/Manifest.lock\" > /dev/null\nif [ $? != 0 ] ; then\n    # print error to STDERR\n    echo \"error: The sandbox is not in sync with the Podfile.lock. Run 'pod install' or update your CocoaPods installation.\" >&2\n    exit 1\nfi\n# This output is used by Xcode 'outputs' to avoid re-running this script phase.\necho \"SUCCESS\" > \"${SCRIPT_OUTPUT_FILE_0}\"\n";
			showEnvVarsInLog = 0;
		};
/* End PBXShellScriptBuildPhase section */

/* Begin PBXSourcesBuildPhase section */
		1E79A1D122CB9E9600721B15 /* Sources */ = {
			isa = PBXSourcesBuildPhase;
			buildActionMask = 2147483647;
			files = (
				1ECC9E0722CCBDE300AA57C5 /* ThemeViewCell.swift in Sources */,
				1E79A1DB22CB9E9600721B15 /* ViewController.swift in Sources */,
				1E2A814522CCDC9200B68888 /* SubThemeViewCell.swift in Sources */,
				2C10AEFE22CF38BA0074D026 /* ProgressViewController.swift in Sources */,
				1EF3B61122CE29750047F07C /* PageViewController.swift in Sources */,
				1E79A1D922CB9E9600721B15 /* AppDelegate.swift in Sources */,
				1E2A814322CCD64200B68888 /* SubThemeViewController.swift in Sources */,
				1ECBA27D22CE7B2B00EBFE42 /* MaterialTableViewCell.swift in Sources */,
			);
			runOnlyForDeploymentPostprocessing = 0;
		};
		1E79A1E522CB9E9900721B15 /* Sources */ = {
			isa = PBXSourcesBuildPhase;
			buildActionMask = 2147483647;
			files = (
			);
			runOnlyForDeploymentPostprocessing = 0;
		};
		1E79A1F022CB9E9900721B15 /* Sources */ = {
			isa = PBXSourcesBuildPhase;
			buildActionMask = 2147483647;
			files = (
			);
			runOnlyForDeploymentPostprocessing = 0;
		};
/* End PBXSourcesBuildPhase section */

/* Begin PBXTargetDependency section */
		1E79A1EB22CB9E9900721B15 /* PBXTargetDependency */ = {
			isa = PBXTargetDependency;
			target = 1E79A1D422CB9E9600721B15 /* Win ICPC */;
			targetProxy = 1E79A1EA22CB9E9900721B15 /* PBXContainerItemProxy */;
		};
		1E79A1F622CB9E9900721B15 /* PBXTargetDependency */ = {
			isa = PBXTargetDependency;
			target = 1E79A1D422CB9E9600721B15 /* Win ICPC */;
			targetProxy = 1E79A1F522CB9E9900721B15 /* PBXContainerItemProxy */;
		};
/* End PBXTargetDependency section */

/* Begin PBXVariantGroup section */
		1E79A1DC22CB9E9600721B15 /* Main.storyboard */ = {
			isa = PBXVariantGroup;
			children = (
				1E79A1DD22CB9E9600721B15 /* Base */,
			);
			name = Main.storyboard;
			sourceTree = "<group>";
		};
		1E79A1E122CB9E9900721B15 /* LaunchScreen.storyboard */ = {
			isa = PBXVariantGroup;
			children = (
				1E79A1E222CB9E9900721B15 /* Base */,
			);
			name = LaunchScreen.storyboard;
			sourceTree = "<group>";
		};
/* End PBXVariantGroup section */

/* Begin XCBuildConfiguration section */
		1E79A1FB22CB9E9900721B15 /* Debug */ = {
			isa = XCBuildConfiguration;
			buildSettings = {
				ALWAYS_SEARCH_USER_PATHS = NO;
				CLANG_ANALYZER_NONNULL = YES;
				CLANG_ANALYZER_NUMBER_OBJECT_CONVERSION = YES_AGGRESSIVE;
				CLANG_CXX_LANGUAGE_STANDARD = "gnu++14";
				CLANG_CXX_LIBRARY = "libc++";
				CLANG_ENABLE_MODULES = YES;
				CLANG_ENABLE_OBJC_ARC = YES;
				CLANG_ENABLE_OBJC_WEAK = YES;
				CLANG_WARN_BLOCK_CAPTURE_AUTORELEASING = YES;
				CLANG_WARN_BOOL_CONVERSION = YES;
				CLANG_WARN_COMMA = YES;
				CLANG_WARN_CONSTANT_CONVERSION = YES;
				CLANG_WARN_DEPRECATED_OBJC_IMPLEMENTATIONS = YES;
				CLANG_WARN_DIRECT_OBJC_ISA_USAGE = YES_ERROR;
				CLANG_WARN_DOCUMENTATION_COMMENTS = YES;
				CLANG_WARN_EMPTY_BODY = YES;
				CLANG_WARN_ENUM_CONVERSION = YES;
				CLANG_WARN_INFINITE_RECURSION = YES;
				CLANG_WARN_INT_CONVERSION = YES;
				CLANG_WARN_NON_LITERAL_NULL_CONVERSION = YES;
				CLANG_WARN_OBJC_IMPLICIT_RETAIN_SELF = YES;
				CLANG_WARN_OBJC_LITERAL_CONVERSION = YES;
				CLANG_WARN_OBJC_ROOT_CLASS = YES_ERROR;
				CLANG_WARN_RANGE_LOOP_ANALYSIS = YES;
				CLANG_WARN_STRICT_PROTOTYPES = YES;
				CLANG_WARN_SUSPICIOUS_MOVE = YES;
				CLANG_WARN_UNGUARDED_AVAILABILITY = YES_AGGRESSIVE;
				CLANG_WARN_UNREACHABLE_CODE = YES;
				CLANG_WARN__DUPLICATE_METHOD_MATCH = YES;
				CODE_SIGN_IDENTITY = "iPhone Developer";
				COPY_PHASE_STRIP = NO;
				DEBUG_INFORMATION_FORMAT = dwarf;
				ENABLE_STRICT_OBJC_MSGSEND = YES;
				ENABLE_TESTABILITY = YES;
				GCC_C_LANGUAGE_STANDARD = gnu11;
				GCC_DYNAMIC_NO_PIC = NO;
				GCC_NO_COMMON_BLOCKS = YES;
				GCC_OPTIMIZATION_LEVEL = 0;
				GCC_PREPROCESSOR_DEFINITIONS = (
					"DEBUG=1",
					"$(inherited)",
				);
				GCC_WARN_64_TO_32_BIT_CONVERSION = YES;
				GCC_WARN_ABOUT_RETURN_TYPE = YES_ERROR;
				GCC_WARN_UNDECLARED_SELECTOR = YES;
				GCC_WARN_UNINITIALIZED_AUTOS = YES_AGGRESSIVE;
				GCC_WARN_UNUSED_FUNCTION = YES;
				GCC_WARN_UNUSED_VARIABLE = YES;
				IPHONEOS_DEPLOYMENT_TARGET = 12.1;
				MTL_ENABLE_DEBUG_INFO = INCLUDE_SOURCE;
				MTL_FAST_MATH = YES;
				ONLY_ACTIVE_ARCH = YES;
				SDKROOT = iphoneos;
				SWIFT_ACTIVE_COMPILATION_CONDITIONS = DEBUG;
				SWIFT_OPTIMIZATION_LEVEL = "-Onone";
				SWIFT_VERSION = 4.2;
			};
			name = Debug;
		};
		1E79A1FC22CB9E9900721B15 /* Release */ = {
			isa = XCBuildConfiguration;
			buildSettings = {
				ALWAYS_SEARCH_USER_PATHS = NO;
				CLANG_ANALYZER_NONNULL = YES;
				CLANG_ANALYZER_NUMBER_OBJECT_CONVERSION = YES_AGGRESSIVE;
				CLANG_CXX_LANGUAGE_STANDARD = "gnu++14";
				CLANG_CXX_LIBRARY = "libc++";
				CLANG_ENABLE_MODULES = YES;
				CLANG_ENABLE_OBJC_ARC = YES;
				CLANG_ENABLE_OBJC_WEAK = YES;
				CLANG_WARN_BLOCK_CAPTURE_AUTORELEASING = YES;
				CLANG_WARN_BOOL_CONVERSION = YES;
				CLANG_WARN_COMMA = YES;
				CLANG_WARN_CONSTANT_CONVERSION = YES;
				CLANG_WARN_DEPRECATED_OBJC_IMPLEMENTATIONS = YES;
				CLANG_WARN_DIRECT_OBJC_ISA_USAGE = YES_ERROR;
				CLANG_WARN_DOCUMENTATION_COMMENTS = YES;
				CLANG_WARN_EMPTY_BODY = YES;
				CLANG_WARN_ENUM_CONVERSION = YES;
				CLANG_WARN_INFINITE_RECURSION = YES;
				CLANG_WARN_INT_CONVERSION = YES;
				CLANG_WARN_NON_LITERAL_NULL_CONVERSION = YES;
				CLANG_WARN_OBJC_IMPLICIT_RETAIN_SELF = YES;
				CLANG_WARN_OBJC_LITERAL_CONVERSION = YES;
				CLANG_WARN_OBJC_ROOT_CLASS = YES_ERROR;
				CLANG_WARN_RANGE_LOOP_ANALYSIS = YES;
				CLANG_WARN_STRICT_PROTOTYPES = YES;
				CLANG_WARN_SUSPICIOUS_MOVE = YES;
				CLANG_WARN_UNGUARDED_AVAILABILITY = YES_AGGRESSIVE;
				CLANG_WARN_UNREACHABLE_CODE = YES;
				CLANG_WARN__DUPLICATE_METHOD_MATCH = YES;
				CODE_SIGN_IDENTITY = "iPhone Developer";
				COPY_PHASE_STRIP = NO;
				DEBUG_INFORMATION_FORMAT = "dwarf-with-dsym";
				ENABLE_NS_ASSERTIONS = NO;
				ENABLE_STRICT_OBJC_MSGSEND = YES;
				GCC_C_LANGUAGE_STANDARD = gnu11;
				GCC_NO_COMMON_BLOCKS = YES;
				GCC_WARN_64_TO_32_BIT_CONVERSION = YES;
				GCC_WARN_ABOUT_RETURN_TYPE = YES_ERROR;
				GCC_WARN_UNDECLARED_SELECTOR = YES;
				GCC_WARN_UNINITIALIZED_AUTOS = YES_AGGRESSIVE;
				GCC_WARN_UNUSED_FUNCTION = YES;
				GCC_WARN_UNUSED_VARIABLE = YES;
				IPHONEOS_DEPLOYMENT_TARGET = 12.1;
				MTL_ENABLE_DEBUG_INFO = NO;
				MTL_FAST_MATH = YES;
				SDKROOT = iphoneos;
				SWIFT_COMPILATION_MODE = wholemodule;
				SWIFT_OPTIMIZATION_LEVEL = "-O";
				SWIFT_VERSION = 4.2;
				VALIDATE_PRODUCT = YES;
			};
			name = Release;
		};
		1E79A1FE22CB9E9900721B15 /* Debug */ = {
			isa = XCBuildConfiguration;
			baseConfigurationReference = 6FEE4FFE71506E08A844B965 /* Pods-Win ICPC.debug.xcconfig */;
			buildSettings = {
				ASSETCATALOG_COMPILER_APPICON_NAME = AppIcon;
				CODE_SIGN_STYLE = Automatic;
				DEVELOPMENT_TEAM = 29QYQ2ZZ4L;
				INFOPLIST_FILE = "Win ICPC/Info.plist";
				LD_RUNPATH_SEARCH_PATHS = (
					"$(inherited)",
					"@executable_path/Frameworks",
				);
				PRODUCT_BUNDLE_IDENTIFIER = "a.Win-ICPC";
				PRODUCT_NAME = "$(TARGET_NAME)";
				SWIFT_VERSION = 4.2;
				TARGETED_DEVICE_FAMILY = "1,2";
			};
			name = Debug;
		};
		1E79A1FF22CB9E9900721B15 /* Release */ = {
			isa = XCBuildConfiguration;
			baseConfigurationReference = 31223E001C86A9A5140F64A4 /* Pods-Win ICPC.release.xcconfig */;
			buildSettings = {
				ASSETCATALOG_COMPILER_APPICON_NAME = AppIcon;
				CODE_SIGN_STYLE = Automatic;
				DEVELOPMENT_TEAM = 29QYQ2ZZ4L;
				INFOPLIST_FILE = "Win ICPC/Info.plist";
				LD_RUNPATH_SEARCH_PATHS = (
					"$(inherited)",
					"@executable_path/Frameworks",
				);
				PRODUCT_BUNDLE_IDENTIFIER = "a.Win-ICPC";
				PRODUCT_NAME = "$(TARGET_NAME)";
				SWIFT_VERSION = 4.2;
				TARGETED_DEVICE_FAMILY = "1,2";
			};
			name = Release;
		};
		1E79A20122CB9E9900721B15 /* Debug */ = {
			isa = XCBuildConfiguration;
			baseConfigurationReference = 611AA020D3FACE81333E6F03 /* Pods-Win ICPCTests.debug.xcconfig */;
			buildSettings = {
				ALWAYS_EMBED_SWIFT_STANDARD_LIBRARIES = YES;
				BUNDLE_LOADER = "$(TEST_HOST)";
				CODE_SIGN_STYLE = Automatic;
				INFOPLIST_FILE = "Win ICPCTests/Info.plist";
				LD_RUNPATH_SEARCH_PATHS = (
					"$(inherited)",
					"@executable_path/Frameworks",
					"@loader_path/Frameworks",
				);
				PRODUCT_BUNDLE_IDENTIFIER = "a.Win-ICPCTests";
				PRODUCT_NAME = "$(TARGET_NAME)";
				SWIFT_VERSION = 4.2;
				TARGETED_DEVICE_FAMILY = "1,2";
				TEST_HOST = "$(BUILT_PRODUCTS_DIR)/Win ICPC.app/Win ICPC";
			};
			name = Debug;
		};
		1E79A20222CB9E9900721B15 /* Release */ = {
			isa = XCBuildConfiguration;
			baseConfigurationReference = E0DFA5E2DC30906122ED4FDB /* Pods-Win ICPCTests.release.xcconfig */;
			buildSettings = {
				ALWAYS_EMBED_SWIFT_STANDARD_LIBRARIES = YES;
				BUNDLE_LOADER = "$(TEST_HOST)";
				CODE_SIGN_STYLE = Automatic;
				INFOPLIST_FILE = "Win ICPCTests/Info.plist";
				LD_RUNPATH_SEARCH_PATHS = (
					"$(inherited)",
					"@executable_path/Frameworks",
					"@loader_path/Frameworks",
				);
				PRODUCT_BUNDLE_IDENTIFIER = "a.Win-ICPCTests";
				PRODUCT_NAME = "$(TARGET_NAME)";
				SWIFT_VERSION = 4.2;
				TARGETED_DEVICE_FAMILY = "1,2";
				TEST_HOST = "$(BUILT_PRODUCTS_DIR)/Win ICPC.app/Win ICPC";
			};
			name = Release;
		};
		1E79A20422CB9E9900721B15 /* Debug */ = {
			isa = XCBuildConfiguration;
			baseConfigurationReference = 2EC47AD09A6B872558130701 /* Pods-Win ICPCUITests.debug.xcconfig */;
			buildSettings = {
				ALWAYS_EMBED_SWIFT_STANDARD_LIBRARIES = YES;
				CODE_SIGN_STYLE = Automatic;
				INFOPLIST_FILE = "Win ICPCUITests/Info.plist";
				LD_RUNPATH_SEARCH_PATHS = (
					"$(inherited)",
					"@executable_path/Frameworks",
					"@loader_path/Frameworks",
				);
				PRODUCT_BUNDLE_IDENTIFIER = "a.Win-ICPCUITests";
				PRODUCT_NAME = "$(TARGET_NAME)";
				SWIFT_VERSION = 4.2;
				TARGETED_DEVICE_FAMILY = "1,2";
				TEST_TARGET_NAME = "Win ICPC";
			};
			name = Debug;
		};
		1E79A20522CB9E9900721B15 /* Release */ = {
			isa = XCBuildConfiguration;
			baseConfigurationReference = E10E17DB6A1D081C0BD0E77A /* Pods-Win ICPCUITests.release.xcconfig */;
			buildSettings = {
				ALWAYS_EMBED_SWIFT_STANDARD_LIBRARIES = YES;
				CODE_SIGN_STYLE = Automatic;
				INFOPLIST_FILE = "Win ICPCUITests/Info.plist";
				LD_RUNPATH_SEARCH_PATHS = (
					"$(inherited)",
					"@executable_path/Frameworks",
					"@loader_path/Frameworks",
				);
				PRODUCT_BUNDLE_IDENTIFIER = "a.Win-ICPCUITests";
				PRODUCT_NAME = "$(TARGET_NAME)";
				SWIFT_VERSION = 4.2;
				TARGETED_DEVICE_FAMILY = "1,2";
				TEST_TARGET_NAME = "Win ICPC";
			};
			name = Release;
		};
/* End XCBuildConfiguration section */

/* Begin XCConfigurationList section */
		1E79A1D022CB9E9600721B15 /* Build configuration list for PBXProject "Win ICPC" */ = {
			isa = XCConfigurationList;
			buildConfigurations = (
				1E79A1FB22CB9E9900721B15 /* Debug */,
				1E79A1FC22CB9E9900721B15 /* Release */,
			);
			defaultConfigurationIsVisible = 0;
			defaultConfigurationName = Release;
		};
		1E79A1FD22CB9E9900721B15 /* Build configuration list for PBXNativeTarget "Win ICPC" */ = {
			isa = XCConfigurationList;
			buildConfigurations = (
				1E79A1FE22CB9E9900721B15 /* Debug */,
				1E79A1FF22CB9E9900721B15 /* Release */,
			);
			defaultConfigurationIsVisible = 0;
			defaultConfigurationName = Release;
		};
		1E79A20022CB9E9900721B15 /* Build configuration list for PBXNativeTarget "Win ICPCTests" */ = {
			isa = XCConfigurationList;
			buildConfigurations = (
				1E79A20122CB9E9900721B15 /* Debug */,
				1E79A20222CB9E9900721B15 /* Release */,
			);
			defaultConfigurationIsVisible = 0;
			defaultConfigurationName = Release;
		};
		1E79A20322CB9E9900721B15 /* Build configuration list for PBXNativeTarget "Win ICPCUITests" */ = {
			isa = XCConfigurationList;
			buildConfigurations = (
				1E79A20422CB9E9900721B15 /* Debug */,
				1E79A20522CB9E9900721B15 /* Release */,
			);
			defaultConfigurationIsVisible = 0;
			defaultConfigurationName = Release;
		};
/* End XCConfigurationList section */
	};
	rootObject = 1E79A1CD22CB9E9600721B15 /* Project object */;
}
